
Microsoft Visual Studio Solution File, Format Version 12.00
# Visual Studio 14
VisualStudioVersion = 14.0.25420.1
MinimumVisualStudioVersion = 10.0.40219.1
Project("{FAE04EC0-301F-11D3-BF4B-00C04F79EFBC}") = "shipsExporter", "shipsExporter\shipsExporter.csproj", "{EC532DCF-51B3-409C-8370-026213C847A6}"
EndProject
Project("{FAE04EC0-301F-11D3-BF4B-00C04F79EFBC}") = "charactersExporter", "charactersExporter\charactersExporter.csproj", "{8CE1F81E-DC68-44F0-898D-39CDCCEAC529}"
EndProject
Project("{FAE04EC0-301F-11D3-BF4B-00C04F79EFBC}") = "socConverter", "socConverter\socConverter.csproj", "{3346CF78-944B-4E09-A193-53BE0AAC2633}"
EndProject
Global
	GlobalSection(SolutionConfigurationPlatforms) = preSolution
		Debug|Any CPU = Debug|Any CPU
		Release|Any CPU = Release|Any CPU
	EndGlobalSection
	GlobalSection(ProjectConfigurationPlatforms) = postSolution
		{EC532DCF-51B3-409C-8370-026213C847A6}.Debug|Any CPU.ActiveCfg = Debug|Any CPU
		{EC532DCF-51B3-409C-8370-026213C847A6}.Debug|Any CPU.Build.0 = Debug|Any CPU
		{EC532DCF-51B3-409C-8370-026213C847A6}.Release|Any CPU.ActiveCfg = Release|Any CPU
		{EC532DCF-51B3-409C-8370-026213C847A6}.Release|Any CPU.Build.0 = Release|Any CPU
		{8CE1F81E-DC68-44F0-898D-39CDCCEAC529}.Debug|Any CPU.ActiveCfg = Debug|Any CPU
		{8CE1F81E-DC68-44F0-898D-39CDCCEAC529}.Debug|Any CPU.Build.0 = Debug|Any CPU
		{8CE1F81E-DC68-44F0-898D-39CDCCEAC529}.Release|Any CPU.ActiveCfg = Release|Any CPU
		{8CE1F81E-DC68-44F0-898D-39CDCCEAC529}.Release|Any CPU.Build.0 = Release|Any CPU
		{3346CF78-944B-4E09-A193-53BE0AAC2633}.Debug|Any CPU.ActiveCfg = Debug|Any CPU
		{3346CF78-944B-4E09-A193-53BE0AAC2633}.Debug|Any CPU.Build.0 = Debug|Any CPU
		{3346CF78-944B-4E09-A193-53BE0AAC2633}.Release|Any CPU.ActiveCfg = Release|Any CPU
		{3346CF78-944B-4E09-A193-53BE0AAC2633}.Release|Any CPU.Build.0 = Release|Any CPU
	EndGlobalSection
	GlobalSection(SolutionProperties) = preSolution
		HideSolutionNode = FALSE
	EndGlobalSection
EndGlobal
